
Microsoft Visual Studio Solution File, Format Version 12.00
# Visual Studio Version 17
VisualStudioVersion = 17.14.36414.22 d17.14
MinimumVisualStudioVersion = 10.0.40219.1
Project("{FAE04EC0-301F-11D3-BF4B-00C04F79EFBC}") = "Rohan_Phadtare_DotnetAssignment7_LINQFiltering", "Rohan_Phadtare_DotnetAssignment7_LINQFiltering\Rohan_Phadtare_DotnetAssignment7_LINQFiltering.csproj", "{059FCF90-C38B-4E22-AE2B-7ED4AACAC3BC}"
EndProject
Global
	GlobalSection(SolutionConfigurationPlatforms) = preSolution
		Debug|Any CPU = Debug|Any CPU
		Release|Any CPU = Release|Any CPU
	EndGlobalSection
	GlobalSection(ProjectConfigurationPlatforms) = postSolution
		{059FCF90-C38B-4E22-AE2B-7ED4AACAC3BC}.Debug|Any CPU.ActiveCfg = Debug|Any CPU
		{059FCF90-C38B-4E22-AE2B-7ED4AACAC3BC}.Debug|Any CPU.Build.0 = Debug|Any CPU
		{059FCF90-C38B-4E22-AE2B-7ED4AACAC3BC}.Release|Any CPU.ActiveCfg = Release|Any CPU
		{059FCF90-C38B-4E22-AE2B-7ED4AACAC3BC}.Release|Any CPU.Build.0 = Release|Any CPU
	EndGlobalSection
	GlobalSection(SolutionProperties) = preSolution
		HideSolutionNode = FALSE
	EndGlobalSection
	GlobalSection(ExtensibilityGlobals) = postSolution
		SolutionGuid = {336FE042-932B-4F7C-8B09-7EA733B9384B}
	EndGlobalSection
EndGlobal
